{
  "object": {
    "pins": [
      {
        "package": "aws-crt-swift",
        "repositoryURL": "https://github.com/awslabs/aws-crt-swift",
        "state": {
          "branch": null,
          "revision": "a4d1f4b96ddecb2559966761ec070ce9caa2532f",
          "version": "0.9.0"
        }
      },
      {
        "package": "aws-sdk-swift",
        "repositoryURL": "https://github.com/awslabs/aws-sdk-swift",
        "state": {
          "branch": null,
          "revision": "b0c2e17b0ba55f8233cadac2d7d1e25163f15dec",
          "version": "0.16.0"
        }
      },
      {
        "package": "smithy-swift",
        "repositoryURL": "https://github.com/awslabs/smithy-swift",
        "state": {
          "branch": null,
          "revision": "7dbc8a06b0d64f4dcb2f2a1f9433d0fd86f843be",
          "version": "0.19.0"
        }
      },
      {
        "package": "swift-collections",
        "repositoryURL": "https://github.com/apple/swift-collections",
        "state": {
          "branch": null,
          "revision": "937e904258d22af6e447a0b72c0bc67583ef64a2",
          "version": "1.0.4"
        }
      },
      {
        "package": "swift-log",
        "repositoryURL": "https://github.com/apple/swift-log.git",
        "state": {
          "branch": null,
          "revision": "32e8d724467f8fe623624570367e3d50c5638e46",
          "version": "1.5.2"
        }
      },
      {
        "package": "XMLCoder",
        "repositoryURL": "https://github.com/MaxDesiatov/XMLCoder.git",
        "state": {
          "branch": null,
          "revision": "b1e944cbd0ef33787b13f639a5418d55b3bed501",
          "version": "0.17.1"
        }
      }
    ]
  },
  "version": 1
}
